
Microsoft Visual Studio Solution File, Format Version 12.00
# Visual Studio 15
VisualStudioVersion = 15.0.26124.0
MinimumVisualStudioVersion = 15.0.26124.0
Project("{FAE04EC0-301F-11D3-BF4B-00C04F79EFBC}") = "CQRS.Command.Abstractions", "src\CQRS.Command.Abstractions\CQRS.Command.Abstractions.csproj", "{C719AF3E-AE5E-4C86-B9B0-C5E2A5CD042C}"
EndProject
Project("{2150E333-8FDC-42A3-9474-1A3956D46DE8}") = "src", "src", "{F6715360-41C5-4E62-B733-8AAE8BB9F032}"
EndProject
Project("{FAE04EC0-301F-11D3-BF4B-00C04F79EFBC}") = "CQRS.Command.Abstractions.Tests", "src\CQRS.Command.Abstractions.Tests\CQRS.Command.Abstractions.Tests.csproj", "{B195AB6E-ECB2-4872-99A1-E52FF9E5D8C1}"
EndProject
Global
	GlobalSection(SolutionConfigurationPlatforms) = preSolution
		Debug|Any CPU = Debug|Any CPU
		Debug|x64 = Debug|x64
		Debug|x86 = Debug|x86
		Release|Any CPU = Release|Any CPU
		Release|x64 = Release|x64
		Release|x86 = Release|x86
	EndGlobalSection
	GlobalSection(SolutionProperties) = preSolution
		HideSolutionNode = FALSE
	EndGlobalSection
	GlobalSection(ProjectConfigurationPlatforms) = postSolution
		{C719AF3E-AE5E-4C86-B9B0-C5E2A5CD042C}.Debug|Any CPU.ActiveCfg = Debug|Any CPU
		{C719AF3E-AE5E-4C86-B9B0-C5E2A5CD042C}.Debug|Any CPU.Build.0 = Debug|Any CPU
		{C719AF3E-AE5E-4C86-B9B0-C5E2A5CD042C}.Debug|x64.ActiveCfg = Debug|Any CPU
		{C719AF3E-AE5E-4C86-B9B0-C5E2A5CD042C}.Debug|x64.Build.0 = Debug|Any CPU
		{C719AF3E-AE5E-4C86-B9B0-C5E2A5CD042C}.Debug|x86.ActiveCfg = Debug|Any CPU
		{C719AF3E-AE5E-4C86-B9B0-C5E2A5CD042C}.Debug|x86.Build.0 = Debug|Any CPU
		{C719AF3E-AE5E-4C86-B9B0-C5E2A5CD042C}.Release|Any CPU.ActiveCfg = Release|Any CPU
		{C719AF3E-AE5E-4C86-B9B0-C5E2A5CD042C}.Release|Any CPU.Build.0 = Release|Any CPU
		{C719AF3E-AE5E-4C86-B9B0-C5E2A5CD042C}.Release|x64.ActiveCfg = Release|Any CPU
		{C719AF3E-AE5E-4C86-B9B0-C5E2A5CD042C}.Release|x64.Build.0 = Release|Any CPU
		{C719AF3E-AE5E-4C86-B9B0-C5E2A5CD042C}.Release|x86.ActiveCfg = Release|Any CPU
		{C719AF3E-AE5E-4C86-B9B0-C5E2A5CD042C}.Release|x86.Build.0 = Release|Any CPU
		{B195AB6E-ECB2-4872-99A1-E52FF9E5D8C1}.Debug|Any CPU.ActiveCfg = Debug|Any CPU
		{B195AB6E-ECB2-4872-99A1-E52FF9E5D8C1}.Debug|Any CPU.Build.0 = Debug|Any CPU
		{B195AB6E-ECB2-4872-99A1-E52FF9E5D8C1}.Debug|x64.ActiveCfg = Debug|Any CPU
		{B195AB6E-ECB2-4872-99A1-E52FF9E5D8C1}.Debug|x64.Build.0 = Debug|Any CPU
		{B195AB6E-ECB2-4872-99A1-E52FF9E5D8C1}.Debug|x86.ActiveCfg = Debug|Any CPU
		{B195AB6E-ECB2-4872-99A1-E52FF9E5D8C1}.Debug|x86.Build.0 = Debug|Any CPU
		{B195AB6E-ECB2-4872-99A1-E52FF9E5D8C1}.Release|Any CPU.ActiveCfg = Release|Any CPU
		{B195AB6E-ECB2-4872-99A1-E52FF9E5D8C1}.Release|Any CPU.Build.0 = Release|Any CPU
		{B195AB6E-ECB2-4872-99A1-E52FF9E5D8C1}.Release|x64.ActiveCfg = Release|Any CPU
		{B195AB6E-ECB2-4872-99A1-E52FF9E5D8C1}.Release|x64.Build.0 = Release|Any CPU
		{B195AB6E-ECB2-4872-99A1-E52FF9E5D8C1}.Release|x86.ActiveCfg = Release|Any CPU
		{B195AB6E-ECB2-4872-99A1-E52FF9E5D8C1}.Release|x86.Build.0 = Release|Any CPU
	EndGlobalSection
	GlobalSection(NestedProjects) = preSolution
		{B195AB6E-ECB2-4872-99A1-E52FF9E5D8C1} = {F6715360-41C5-4E62-B733-8AAE8BB9F032}
	EndGlobalSection
EndGlobal
